// !$*UTF8*$!
{
	archiveVersion = 1;
	classes = {
	};
	objectVersion = 50;
	objects = {

/* Begin PBXBuildFile section */
		250B9942256F216000AAD4B2 /* ChessApp.swift in Sources */ = {isa = PBXBuildFile; fileRef = 250B9941256F216000AAD4B2 /* ChessApp.swift */; };
		250B9944256F216000AAD4B2 /* ContentView.swift in Sources */ = {isa = PBXBuildFile; fileRef = 250B9943256F216000AAD4B2 /* ContentView.swift */; };
		250B9946256F216200AAD4B2 /* Assets.xcassets in Resources */ = {isa = PBXBuildFile; fileRef = 250B9945256F216200AAD4B2 /* Assets.xcassets */; };
		250B9949256F216200AAD4B2 /* Preview Assets.xcassets in Resources */ = {isa = PBXBuildFile; fileRef = 250B9948256F216200AAD4B2 /* Preview Assets.xcassets */; };
		250B9956256F219A00AAD4B2 /* Chess.swift in Sources */ = {isa = PBXBuildFile; fileRef = 250B9955256F219A00AAD4B2 /* Chess.swift */; };
		250B9959256F21A900AAD4B2 /* Color.swift in Sources */ = {isa = PBXBuildFile; fileRef = 250B9958256F21A900AAD4B2 /* Color.swift */; };
		250B995C256F21C400AAD4B2 /* BoardLocation.swift in Sources */ = {isa = PBXBuildFile; fileRef = 250B995B256F21C400AAD4B2 /* BoardLocation.swift */; };
		250B995F256F21E900AAD4B2 /* Piece.swift in Sources */ = {isa = PBXBuildFile; fileRef = 250B995E256F21E900AAD4B2 /* Piece.swift */; };
		250B9962256F220D00AAD4B2 /* Move.swift in Sources */ = {isa = PBXBuildFile; fileRef = 250B9961256F220D00AAD4B2 /* Move.swift */; };
		250B996B256F223D00AAD4B2 /* ChessTests.swift in Sources */ = {isa = PBXBuildFile; fileRef = 250B996A256F223D00AAD4B2 /* ChessTests.swift */; };
		250B9975256F28E400AAD4B2 /* PieceTests.swift in Sources */ = {isa = PBXBuildFile; fileRef = 250B9974256F28E400AAD4B2 /* PieceTests.swift */; };
		250B9979256F387B00AAD4B2 /* PawnTests.swift in Sources */ = {isa = PBXBuildFile; fileRef = 250B9978256F387B00AAD4B2 /* PawnTests.swift */; };
		250B997D256F470F00AAD4B2 /* RookTests.swift in Sources */ = {isa = PBXBuildFile; fileRef = 250B997C256F470F00AAD4B2 /* RookTests.swift */; };
		250B9982256F639400AAD4B2 /* ChessBoardView.swift in Sources */ = {isa = PBXBuildFile; fileRef = 250B9981256F639400AAD4B2 /* ChessBoardView.swift */; };
/* End PBXBuildFile section */

/* Begin PBXContainerItemProxy section */
		250B996D256F223D00AAD4B2 /* PBXContainerItemProxy */ = {
			isa = PBXContainerItemProxy;
			containerPortal = 250B9936256F216000AAD4B2 /* Project object */;
			proxyType = 1;
			remoteGlobalIDString = 250B993D256F216000AAD4B2;
			remoteInfo = Chess;
		};
/* End PBXContainerItemProxy section */

/* Begin PBXFileReference section */
		250B993E256F216000AAD4B2 /* Chess.app */ = {isa = PBXFileReference; explicitFileType = wrapper.application; includeInIndex = 0; path = Chess.app; sourceTree = BUILT_PRODUCTS_DIR; };
		250B9941256F216000AAD4B2 /* ChessApp.swift */ = {isa = PBXFileReference; lastKnownFileType = sourcecode.swift; path = ChessApp.swift; sourceTree = "<group>"; };
		250B9943256F216000AAD4B2 /* ContentView.swift */ = {isa = PBXFileReference; lastKnownFileType = sourcecode.swift; path = ContentView.swift; sourceTree = "<group>"; };
		250B9945256F216200AAD4B2 /* Assets.xcassets */ = {isa = PBXFileReference; lastKnownFileType = folder.assetcatalog; path = Assets.xcassets; sourceTree = "<group>"; };
		250B9948256F216200AAD4B2 /* Preview Assets.xcassets */ = {isa = PBXFileReference; lastKnownFileType = folder.assetcatalog; path = "Preview Assets.xcassets"; sourceTree = "<group>"; };
		250B994A256F216200AAD4B2 /* Info.plist */ = {isa = PBXFileReference; lastKnownFileType = text.plist.xml; path = Info.plist; sourceTree = "<group>"; };
		250B9955256F219A00AAD4B2 /* Chess.swift */ = {isa = PBXFileReference; fileEncoding = 4; lastKnownFileType = sourcecode.swift; path = Chess.swift; sourceTree = "<group>"; };
		250B9958256F21A900AAD4B2 /* Color.swift */ = {isa = PBXFileReference; lastKnownFileType = sourcecode.swift; path = Color.swift; sourceTree = "<group>"; };
		250B995B256F21C400AAD4B2 /* BoardLocation.swift */ = {isa = PBXFileReference; lastKnownFileType = sourcecode.swift; path = BoardLocation.swift; sourceTree = "<group>"; };
		250B995E256F21E900AAD4B2 /* Piece.swift */ = {isa = PBXFileReference; lastKnownFileType = sourcecode.swift; path = Piece.swift; sourceTree = "<group>"; };
		250B9961256F220D00AAD4B2 /* Move.swift */ = {isa = PBXFileReference; lastKnownFileType = sourcecode.swift; path = Move.swift; sourceTree = "<group>"; };
		250B9968256F223D00AAD4B2 /* ChessTests.xctest */ = {isa = PBXFileReference; explicitFileType = wrapper.cfbundle; includeInIndex = 0; path = ChessTests.xctest; sourceTree = BUILT_PRODUCTS_DIR; };
		250B996A256F223D00AAD4B2 /* ChessTests.swift */ = {isa = PBXFileReference; lastKnownFileType = sourcecode.swift; path = ChessTests.swift; sourceTree = "<group>"; };
		250B996C256F223D00AAD4B2 /* Info.plist */ = {isa = PBXFileReference; lastKnownFileType = text.plist.xml; path = Info.plist; sourceTree = "<group>"; };
		250B9974256F28E400AAD4B2 /* PieceTests.swift */ = {isa = PBXFileReference; lastKnownFileType = sourcecode.swift; path = PieceTests.swift; sourceTree = "<group>"; };
		250B9978256F387B00AAD4B2 /* PawnTests.swift */ = {isa = PBXFileReference; lastKnownFileType = sourcecode.swift; path = PawnTests.swift; sourceTree = "<group>"; };
		250B997C256F470F00AAD4B2 /* RookTests.swift */ = {isa = PBXFileReference; lastKnownFileType = sourcecode.swift; path = RookTests.swift; sourceTree = "<group>"; };
		250B9981256F639400AAD4B2 /* ChessBoardView.swift */ = {isa = PBXFileReference; lastKnownFileType = sourcecode.swift; path = ChessBoardView.swift; sourceTree = "<group>"; };
/* End PBXFileReference section */

/* Begin PBXFrameworksBuildPhase section */
		250B993B256F216000AAD4B2 /* Frameworks */ = {
			isa = PBXFrameworksBuildPhase;
			buildActionMask = 2147483647;
			files = (
			);
			runOnlyForDeploymentPostprocessing = 0;
		};
		250B9965256F223D00AAD4B2 /* Frameworks */ = {
			isa = PBXFrameworksBuildPhase;
			buildActionMask = 2147483647;
			files = (
			);
			runOnlyForDeploymentPostprocessing = 0;
		};
/* End PBXFrameworksBuildPhase section */

/* Begin PBXGroup section */
		250B9935256F216000AAD4B2 = {
			isa = PBXGroup;
			children = (
				250B9940256F216000AAD4B2 /* Chess */,
				250B9969256F223D00AAD4B2 /* ChessTests */,
				250B993F256F216000AAD4B2 /* Products */,
			);
			sourceTree = "<group>";
		};
		250B993F256F216000AAD4B2 /* Products */ = {
			isa = PBXGroup;
			children = (
				250B993E256F216000AAD4B2 /* Chess.app */,
				250B9968256F223D00AAD4B2 /* ChessTests.xctest */,
			);
			name = Products;
			sourceTree = "<group>";
		};
		250B9940256F216000AAD4B2 /* Chess */ = {
			isa = PBXGroup;
			children = (
				250B9954256F219A00AAD4B2 /* Model */,
				250B9941256F216000AAD4B2 /* ChessApp.swift */,
				250B9943256F216000AAD4B2 /* ContentView.swift */,
				250B9981256F639400AAD4B2 /* ChessBoardView.swift */,
				250B9945256F216200AAD4B2 /* Assets.xcassets */,
				250B994A256F216200AAD4B2 /* Info.plist */,
				250B9947256F216200AAD4B2 /* Preview Content */,
			);
			path = Chess;
			sourceTree = "<group>";
		};
		250B9947256F216200AAD4B2 /* Preview Content */ = {
			isa = PBXGroup;
			children = (
				250B9948256F216200AAD4B2 /* Preview Assets.xcassets */,
			);
			path = "Preview Content";
			sourceTree = "<group>";
		};
		250B9954256F219A00AAD4B2 /* Model */ = {
			isa = PBXGroup;
			children = (
				250B9955256F219A00AAD4B2 /* Chess.swift */,
				250B9958256F21A900AAD4B2 /* Color.swift */,
				250B995B256F21C400AAD4B2 /* BoardLocation.swift */,
				250B995E256F21E900AAD4B2 /* Piece.swift */,
				250B9961256F220D00AAD4B2 /* Move.swift */,
			);
			path = Model;
			sourceTree = "<group>";
		};
		250B9969256F223D00AAD4B2 /* ChessTests */ = {
			isa = PBXGroup;
			children = (
				250B996A256F223D00AAD4B2 /* ChessTests.swift */,
				250B9978256F387B00AAD4B2 /* PawnTests.swift */,
				250B9974256F28E400AAD4B2 /* PieceTests.swift */,
				250B996C256F223D00AAD4B2 /* Info.plist */,
				250B997C256F470F00AAD4B2 /* RookTests.swift */,
			);
			path = ChessTests;
			sourceTree = "<group>";
		};
/* End PBXGroup section */

/* Begin PBXNativeTarget section */
		250B993D256F216000AAD4B2 /* Chess */ = {
			isa = PBXNativeTarget;
			buildConfigurationList = 250B994D256F216200AAD4B2 /* Build configuration list for PBXNativeTarget "Chess" */;
			buildPhases = (
				250B993A256F216000AAD4B2 /* Sources */,
				250B993B256F216000AAD4B2 /* Frameworks */,
				250B993C256F216000AAD4B2 /* Resources */,
			);
			buildRules = (
			);
			dependencies = (
			);
			name = Chess;
			productName = Chess;
			productReference = 250B993E256F216000AAD4B2 /* Chess.app */;
			productType = "com.apple.product-type.application";
		};
		250B9967256F223D00AAD4B2 /* ChessTests */ = {
			isa = PBXNativeTarget;
			buildConfigurationList = 250B996F256F223D00AAD4B2 /* Build configuration list for PBXNativeTarget "ChessTests" */;
			buildPhases = (
				250B9964256F223D00AAD4B2 /* Sources */,
				250B9965256F223D00AAD4B2 /* Frameworks */,
				250B9966256F223D00AAD4B2 /* Resources */,
			);
			buildRules = (
			);
			dependencies = (
				250B996E256F223D00AAD4B2 /* PBXTargetDependency */,
			);
			name = ChessTests;
			productName = ChessTests;
			productReference = 250B9968256F223D00AAD4B2 /* ChessTests.xctest */;
			productType = "com.apple.product-type.bundle.unit-test";
		};
/* End PBXNativeTarget section */

/* Begin PBXProject section */
		250B9936256F216000AAD4B2 /* Project object */ = {
			isa = PBXProject;
			attributes = {
				LastSwiftUpdateCheck = 1210;
				LastUpgradeCheck = 1210;
				TargetAttributes = {
					250B993D256F216000AAD4B2 = {
						CreatedOnToolsVersion = 12.1;
					};
					250B9967256F223D00AAD4B2 = {
						CreatedOnToolsVersion = 12.1;
						TestTargetID = 250B993D256F216000AAD4B2;
					};
				};
			};
			buildConfigurationList = 250B9939256F216000AAD4B2 /* Build configuration list for PBXProject "Chess" */;
			compatibilityVersion = "Xcode 9.3";
			developmentRegion = en;
			hasScannedForEncodings = 0;
			knownRegions = (
				en,
				Base,
			);
			mainGroup = 250B9935256F216000AAD4B2;
			productRefGroup = 250B993F256F216000AAD4B2 /* Products */;
			projectDirPath = "";
			projectRoot = "";
			targets = (
				250B993D256F216000AAD4B2 /* Chess */,
				250B9967256F223D00AAD4B2 /* ChessTests */,
			);
		};
/* End PBXProject section */

/* Begin PBXResourcesBuildPhase section */
		250B993C256F216000AAD4B2 /* Resources */ = {
			isa = PBXResourcesBuildPhase;
			buildActionMask = 2147483647;
			files = (
				250B9949256F216200AAD4B2 /* Preview Assets.xcassets in Resources */,
				250B9946256F216200AAD4B2 /* Assets.xcassets in Resources */,
			);
			runOnlyForDeploymentPostprocessing = 0;
		};
		250B9966256F223D00AAD4B2 /* Resources */ = {
			isa = PBXResourcesBuildPhase;
			buildActionMask = 2147483647;
			files = (
			);
			runOnlyForDeploymentPostprocessing = 0;
		};
/* End PBXResourcesBuildPhase section */

/* Begin PBXSourcesBuildPhase section */
		250B993A256F216000AAD4B2 /* Sources */ = {
			isa = PBXSourcesBuildPhase;
			buildActionMask = 2147483647;
			files = (
				250B9982256F639400AAD4B2 /* ChessBoardView.swift in Sources */,
				250B9962256F220D00AAD4B2 /* Move.swift in Sources */,
				250B9956256F219A00AAD4B2 /* Chess.swift in Sources */,
				250B9959256F21A900AAD4B2 /* Color.swift in Sources */,
				250B995F256F21E900AAD4B2 /* Piece.swift in Sources */,
				250B9944256F216000AAD4B2 /* ContentView.swift in Sources */,
				250B995C256F21C400AAD4B2 /* BoardLocation.swift in Sources */,
				250B9942256F216000AAD4B2 /* ChessApp.swift in Sources */,
			);
			runOnlyForDeploymentPostprocessing = 0;
		};
		250B9964256F223D00AAD4B2 /* Sources */ = {
			isa = PBXSourcesBuildPhase;
			buildActionMask = 2147483647;
			files = (
				250B997D256F470F00AAD4B2 /* RookTests.swift in Sources */,
				250B9979256F387B00AAD4B2 /* PawnTests.swift in Sources */,
				250B9975256F28E400AAD4B2 /* PieceTests.swift in Sources */,
				250B996B256F223D00AAD4B2 /* ChessTests.swift in Sources */,
			);
			runOnlyForDeploymentPostprocessing = 0;
		};
/* End PBXSourcesBuildPhase section */

/* Begin PBXTargetDependency section */
		250B996E256F223D00AAD4B2 /* PBXTargetDependency */ = {
			isa = PBXTargetDependency;
			target = 250B993D256F216000AAD4B2 /* Chess */;
			targetProxy = 250B996D256F223D00AAD4B2 /* PBXContainerItemProxy */;
		};
/* End PBXTargetDependency section */

/* Begin XCBuildConfiguration section */
		250B994B256F216200AAD4B2 /* Debug */ = {
			isa = XCBuildConfiguration;
			buildSettings = {
				ALWAYS_SEARCH_USER_PATHS = NO;
				CLANG_ANALYZER_NONNULL = YES;
				CLANG_ANALYZER_NUMBER_OBJECT_CONVERSION = YES_AGGRESSIVE;
				CLANG_CXX_LANGUAGE_STANDARD = "gnu++14";
				CLANG_CXX_LIBRARY = "libc++";
				CLANG_ENABLE_MODULES = YES;
				CLANG_ENABLE_OBJC_ARC = YES;
				CLANG_ENABLE_OBJC_WEAK = YES;
				CLANG_WARN_BLOCK_CAPTURE_AUTORELEASING = YES;
				CLANG_WARN_BOOL_CONVERSION = YES;
				CLANG_WARN_COMMA = YES;
				CLANG_WARN_CONSTANT_CONVERSION = YES;
				CLANG_WARN_DEPRECATED_OBJC_IMPLEMENTATIONS = YES;
				CLANG_WARN_DIRECT_OBJC_ISA_USAGE = YES_ERROR;
				CLANG_WARN_DOCUMENTATION_COMMENTS = YES;
				CLANG_WARN_EMPTY_BODY = YES;
				CLANG_WARN_ENUM_CONVERSION = YES;
				CLANG_WARN_INFINITE_RECURSION = YES;
				CLANG_WARN_INT_CONVERSION = YES;
				CLANG_WARN_NON_LITERAL_NULL_CONVERSION = YES;
				CLANG_WARN_OBJC_IMPLICIT_RETAIN_SELF = YES;
				CLANG_WARN_OBJC_LITERAL_CONVERSION = YES;
				CLANG_WARN_OBJC_ROOT_CLASS = YES_ERROR;
				CLANG_WARN_QUOTED_INCLUDE_IN_FRAMEWORK_HEADER = YES;
				CLANG_WARN_RANGE_LOOP_ANALYSIS = YES;
				CLANG_WARN_STRICT_PROTOTYPES = YES;
				CLANG_WARN_SUSPICIOUS_MOVE = YES;
				CLANG_WARN_UNGUARDED_AVAILABILITY = YES_AGGRESSIVE;
				CLANG_WARN_UNREACHABLE_CODE = YES;
				CLANG_WARN__DUPLICATE_METHOD_MATCH = YES;
				COPY_PHASE_STRIP = NO;
				DEBUG_INFORMATION_FORMAT = dwarf;
				ENABLE_STRICT_OBJC_MSGSEND = YES;
				ENABLE_TESTABILITY = YES;
				GCC_C_LANGUAGE_STANDARD = gnu11;
				GCC_DYNAMIC_NO_PIC = NO;
				GCC_NO_COMMON_BLOCKS = YES;
				GCC_OPTIMIZATION_LEVEL = 0;
				GCC_PREPROCESSOR_DEFINITIONS = (
					"DEBUG=1",
					"$(inherited)",
				);
				GCC_WARN_64_TO_32_BIT_CONVERSION = YES;
				GCC_WARN_ABOUT_RETURN_TYPE = YES_ERROR;
				GCC_WARN_UNDECLARED_SELECTOR = YES;
				GCC_WARN_UNINITIALIZED_AUTOS = YES_AGGRESSIVE;
				GCC_WARN_UNUSED_FUNCTION = YES;
				GCC_WARN_UNUSED_VARIABLE = YES;
				IPHONEOS_DEPLOYMENT_TARGET = 14.1;
				MTL_ENABLE_DEBUG_INFO = INCLUDE_SOURCE;
				MTL_FAST_MATH = YES;
				ONLY_ACTIVE_ARCH = YES;
				SDKROOT = iphoneos;
				SWIFT_ACTIVE_COMPILATION_CONDITIONS = DEBUG;
				SWIFT_OPTIMIZATION_LEVEL = "-Onone";
			};
			name = Debug;
		};
		250B994C256F216200AAD4B2 /* Release */ = {
			isa = XCBuildConfiguration;
			buildSettings = {
				ALWAYS_SEARCH_USER_PATHS = NO;
				CLANG_ANALYZER_NONNULL = YES;
				CLANG_ANALYZER_NUMBER_OBJECT_CONVERSION = YES_AGGRESSIVE;
				CLANG_CXX_LANGUAGE_STANDARD = "gnu++14";
				CLANG_CXX_LIBRARY = "libc++";
				CLANG_ENABLE_MODULES = YES;
				CLANG_ENABLE_OBJC_ARC = YES;
				CLANG_ENABLE_OBJC_WEAK = YES;
				CLANG_WARN_BLOCK_CAPTURE_AUTORELEASING = YES;
				CLANG_WARN_BOOL_CONVERSION = YES;
				CLANG_WARN_COMMA = YES;
				CLANG_WARN_CONSTANT_CONVERSION = YES;
				CLANG_WARN_DEPRECATED_OBJC_IMPLEMENTATIONS = YES;
				CLANG_WARN_DIRECT_OBJC_ISA_USAGE = YES_ERROR;
				CLANG_WARN_DOCUMENTATION_COMMENTS = YES;
				CLANG_WARN_EMPTY_BODY = YES;
				CLANG_WARN_ENUM_CONVERSION = YES;
				CLANG_WARN_INFINITE_RECURSION = YES;
				CLANG_WARN_INT_CONVERSION = YES;
				CLANG_WARN_NON_LITERAL_NULL_CONVERSION = YES;
				CLANG_WARN_OBJC_IMPLICIT_RETAIN_SELF = YES;
				CLANG_WARN_OBJC_LITERAL_CONVERSION = YES;
				CLANG_WARN_OBJC_ROOT_CLASS = YES_ERROR;
				CLANG_WARN_QUOTED_INCLUDE_IN_FRAMEWORK_HEADER = YES;
				CLANG_WARN_RANGE_LOOP_ANALYSIS = YES;
				CLANG_WARN_STRICT_PROTOTYPES = YES;
				CLANG_WARN_SUSPICIOUS_MOVE = YES;
				CLANG_WARN_UNGUARDED_AVAILABILITY = YES_AGGRESSIVE;
				CLANG_WARN_UNREACHABLE_CODE = YES;
				CLANG_WARN__DUPLICATE_METHOD_MATCH = YES;
				COPY_PHASE_STRIP = NO;
				DEBUG_INFORMATION_FORMAT = "dwarf-with-dsym";
				ENABLE_NS_ASSERTIONS = NO;
				ENABLE_STRICT_OBJC_MSGSEND = YES;
				GCC_C_LANGUAGE_STANDARD = gnu11;
				GCC_NO_COMMON_BLOCKS = YES;
				GCC_WARN_64_TO_32_BIT_CONVERSION = YES;
				GCC_WARN_ABOUT_RETURN_TYPE = YES_ERROR;
				GCC_WARN_UNDECLARED_SELECTOR = YES;
				GCC_WARN_UNINITIALIZED_AUTOS = YES_AGGRESSIVE;
				GCC_WARN_UNUSED_FUNCTION = YES;
				GCC_WARN_UNUSED_VARIABLE = YES;
				IPHONEOS_DEPLOYMENT_TARGET = 14.1;
				MTL_ENABLE_DEBUG_INFO = NO;
				MTL_FAST_MATH = YES;
				SDKROOT = iphoneos;
				SWIFT_COMPILATION_MODE = wholemodule;
				SWIFT_OPTIMIZATION_LEVEL = "-O";
				VALIDATE_PRODUCT = YES;
			};
			name = Release;
		};
		250B994E256F216200AAD4B2 /* Debug */ = {
			isa = XCBuildConfiguration;
			buildSettings = {
				ASSETCATALOG_COMPILER_APPICON_NAME = AppIcon;
				ASSETCATALOG_COMPILER_GLOBAL_ACCENT_COLOR_NAME = AccentColor;
				CODE_SIGN_STYLE = Automatic;
				DEVELOPMENT_ASSET_PATHS = "\"Chess/Preview Content\"";
				ENABLE_PREVIEWS = YES;
				INFOPLIST_FILE = Chess/Info.plist;
				IPHONEOS_DEPLOYMENT_TARGET = 14.0;
				LD_RUNPATH_SEARCH_PATHS = (
					"$(inherited)",
					"@executable_path/Frameworks",
				);
				PRODUCT_BUNDLE_IDENTIFIER = com.blake.Chess;
				PRODUCT_NAME = "$(TARGET_NAME)";
				SWIFT_VERSION = 5.0;
				TARGETED_DEVICE_FAMILY = "1,2";
			};
			name = Debug;
		};
		250B994F256F216200AAD4B2 /* Release */ = {
			isa = XCBuildConfiguration;
			buildSettings = {
				ASSETCATALOG_COMPILER_APPICON_NAME = AppIcon;
				ASSETCATALOG_COMPILER_GLOBAL_ACCENT_COLOR_NAME = AccentColor;
				CODE_SIGN_STYLE = Automatic;
				DEVELOPMENT_ASSET_PATHS = "\"Chess/Preview Content\"";
				ENABLE_PREVIEWS = YES;
				INFOPLIST_FILE = Chess/Info.plist;
				IPHONEOS_DEPLOYMENT_TARGET = 14.0;
				LD_RUNPATH_SEARCH_PATHS = (
					"$(inherited)",
					"@executable_path/Frameworks",
				);
				PRODUCT_BUNDLE_IDENTIFIER = com.blake.Chess;
				PRODUCT_NAME = "$(TARGET_NAME)";
				SWIFT_VERSION = 5.0;
				TARGETED_DEVICE_FAMILY = "1,2";
			};
			name = Release;
		};
		250B9970256F223D00AAD4B2 /* Debug */ = {
			isa = XCBuildConfiguration;
			buildSettings = {
				BUNDLE_LOADER = "$(TEST_HOST)";
				CODE_SIGN_STYLE = Automatic;
				INFOPLIST_FILE = ChessTests/Info.plist;
				LD_RUNPATH_SEARCH_PATHS = (
					"$(inherited)",
					"@executable_path/Frameworks",
					"@loader_path/Frameworks",
				);
				PRODUCT_BUNDLE_IDENTIFIER = com.blake.ChessTests;
				PRODUCT_NAME = "$(TARGET_NAME)";
				SWIFT_VERSION = 5.0;
				TARGETED_DEVICE_FAMILY = "1,2";
				TEST_HOST = "$(BUILT_PRODUCTS_DIR)/Chess.app/Chess";
			};
			name = Debug;
		};
		250B9971256F223D00AAD4B2 /* Release */ = {
			isa = XCBuildConfiguration;
			buildSettings = {
				BUNDLE_LOADER = "$(TEST_HOST)";
				CODE_SIGN_STYLE = Automatic;
				INFOPLIST_FILE = ChessTests/Info.plist;
				LD_RUNPATH_SEARCH_PATHS = (
					"$(inherited)",
					"@executable_path/Frameworks",
					"@loader_path/Frameworks",
				);
				PRODUCT_BUNDLE_IDENTIFIER = com.blake.ChessTests;
				PRODUCT_NAME = "$(TARGET_NAME)";
				SWIFT_VERSION = 5.0;
				TARGETED_DEVICE_FAMILY = "1,2";
				TEST_HOST = "$(BUILT_PRODUCTS_DIR)/Chess.app/Chess";
			};
			name = Release;
		};
/* End XCBuildConfiguration section */

/* Begin XCConfigurationList section */
		250B9939256F216000AAD4B2 /* Build configuration list for PBXProject "Chess" */ = {
			isa = XCConfigurationList;
			buildConfigurations = (
				250B994B256F216200AAD4B2 /* Debug */,
				250B994C256F216200AAD4B2 /* Release */,
			);
			defaultConfigurationIsVisible = 0;
			defaultConfigurationName = Release;
		};
		250B994D256F216200AAD4B2 /* Build configuration list for PBXNativeTarget "Chess" */ = {
			isa = XCConfigurationList;
			buildConfigurations = (
				250B994E256F216200AAD4B2 /* Debug */,
				250B994F256F216200AAD4B2 /* Release */,
			);
			defaultConfigurationIsVisible = 0;
			defaultConfigurationName = Release;
		};
		250B996F256F223D00AAD4B2 /* Build configuration list for PBXNativeTarget "ChessTests" */ = {
			isa = XCConfigurationList;
			buildConfigurations = (
				250B9970256F223D00AAD4B2 /* Debug */,
				250B9971256F223D00AAD4B2 /* Release */,
			);
			defaultConfigurationIsVisible = 0;
			defaultConfigurationName = Release;
		};
/* End XCConfigurationList section */
	};
	rootObject = 250B9936256F216000AAD4B2 /* Project object */;
}
